# AUTO-GENERATED - DO NOT EDIT
# Contains cryptographic hashes to detect tampering
# Regenerate: python -m tests.integration.generate_fixtures

test_cases:
- test_case: circuit_dark_fiber_01
  files:
  - path: cassette.yaml
    sha256: 5ed63e6ba606501ffc94fa88b249d6a4a03bb4de62c063e7f3cc0b5533601f42
  - path: expected.yaml
    sha256: 709bb1375f1e0d59c19c34eff077b4c73feaca26f2a093f0c2212851d1713894
- test_case: circuit_internet_01
  files:
  - path: cassette.yaml
    sha256: 1b3287ab90397ca8d5243978f9aa11fc7a9be33323ea5912de9a266e7e2095e8
  - path: expected.yaml
    sha256: 6b89f4ae6890d4194d92fb297c4d056c0e3ddb9b2ec178c47f56908408c878c0
- test_case: circuit_mpls_01
  files:
  - path: cassette.yaml
    sha256: bb449f6ca8dbdc20841ffa1cd562739b6ab5a103ce220392c398c19c5f0a3f63
  - path: expected.yaml
    sha256: de81ed1cd1b0b085a7447f1d52a6d71351489cb4151aa7ba0e1ef7daed8fc897
- test_case: circuits_dark_fiber_01
  files:
  - path: cassette.yaml
    sha256: 4f3eb213f2748b4eb945bb6498911792e3af0d645b2e5997c104fd7507c45b3e
  - path: expected.yaml
    sha256: 89f03f09604793a21c13cd1aca5fa0ae69c304b1b873188878a9e57db9065759
- test_case: circuits_internet_01
  files:
  - path: cassette.yaml
    sha256: 0594df0af8b3a31e3e9cf7c9c194bf28cc11fa522b6d2d1aee0ee63512529111
  - path: expected.yaml
    sha256: 6e1a6fa8680c5286fa6590dd1fccf182f5d5c6ef748b62ddcce643357801be6c
- test_case: circuits_mpls_01
  files:
  - path: cassette.yaml
    sha256: 0b0af9f89d719c60efa4f322b50c60172769d5d555caf13e0422ff839a9a222a
  - path: expected.yaml
    sha256: 02808f42f871157ed235d84ee60fcb4c179298cbb300df5a37c1f8328a8bf79b
- test_case: dcim_all_devices_01
  files:
  - path: cassette.yaml
    sha256: 64665de1f577d68b50d2f13e85217536c635537b8f0363fb9e72e6e3d1e957fd
  - path: expected.yaml
    sha256: a6e002644c1e69eb031ab710d25735690726c7b923ecd676bcf71ff016a0dff1
- test_case: dcim_all_interfaces_01
  files:
  - path: cassette.yaml
    sha256: 2c3f6a6fd71250f8d7eb783d82eb05a0efc4cca8d0576e196d8e636eb485e431
  - path: expected.yaml
    sha256: 1192daedfe7beebfc6bb2f8f5ec626b508853de415f5f7c339543dc1555a4bf3
- test_case: dcim_cables_01
  files:
  - path: cassette.yaml
    sha256: b685bc8084e1b582312f5bf6292b710902c124dbec7efb5c9ded69b8bdf2d1b2
  - path: expected.yaml
    sha256: 8ebc8ebe383db378ba41c4376dc88b5b72a4f77a7fd8ca634913761363dd8569
- test_case: dcim_console_port_01
  files:
  - path: cassette.yaml
    sha256: 60cc246471f872ba469cbd272872b3a5576174370228a97d23fbb099cc68c061
  - path: expected.yaml
    sha256: d1909e90d6b912b1954e9c1408e0b4e24908fc0995983bc78b5362070324431f
- test_case: dcim_console_ports_01
  files:
  - path: cassette.yaml
    sha256: c4111d024e674f306c31b5a07b33411c2557a7a7e3657e2d35037f40632f821f
  - path: expected.yaml
    sha256: 2b93cd11f3b7699ed9ec220f64a8fee2b9e5e0d773e01351f9e7ac39792204f9
- test_case: dcim_device_01
  files:
  - path: cassette.yaml
    sha256: c039720b9aecd9943bd28ce21ef0f14305eadf6d6825b0d8bcf26eb3e83238af
  - path: expected.yaml
    sha256: 0a750100951c9637fc1e4968e5317e1670fd7ce8eee4b9f341d48764e5039519
- test_case: dcim_devices_01
  files:
  - path: cassette.yaml
    sha256: 8b5aebe114836ce94cad568ad465f05ff0ea951a0260142c3a4a9dab81cc30ff
  - path: expected.yaml
    sha256: 9ebcab90a6709ad1688eda13a7a71eda9e53d92596cf1096f42cce36ca7e239c
- test_case: dcim_interface_trace_01
  files:
  - path: cassette.yaml
    sha256: cc53b0c930c613adbb904b5d1e70709f9ecc97b8417f7ce5fe0fd3eab526423d
  - path: expected.yaml
    sha256: ac36577a7bac4646d91d6ee4c7d129265d04ddc6f35fa9712c5c42362936dab7
- test_case: dcim_interface_trace_02
  files:
  - path: cassette.yaml
    sha256: bf18a1bbe0f393d71e10324790eb9661b8ec063c4e694cdde438af509055e4a9
  - path: expected.yaml
    sha256: 4890feabd8a02df6b8fcadfda68a5cd5c34843c57ee2365abe0b8890b88cca0d
- test_case: dcim_interface_trace_03
  files:
  - path: cassette.yaml
    sha256: c28f9be996e207661e052078f82985d51b56b5f0307e35541f9ffbd3c0fc6deb
  - path: expected.yaml
    sha256: cb15c821321b0959d45f0e30d2ec16e776d02ea0e45f30cea99827aa5cebefba
- test_case: dcim_site_01
  files:
  - path: cassette.yaml
    sha256: 56f849722861fb5a0f68c6b58d156e5e103f8beb084a369baf0873ad4346abe7
  - path: expected.yaml
    sha256: e957cb14ca8051ecd5562183fad1c114fe1dbbf2d07a2c62a7975552096fa7af
- test_case: dcim_sites_01
  files:
  - path: cassette.yaml
    sha256: 6459582bfbf6320011a0ee14cecf76e9c270f944550efeb61caa0ece598907b1
  - path: expected.yaml
    sha256: ede96f17e9a8ae662bd6ce97020d81e73b1a603c707d96b48405d250fbe966cb
- test_case: ipam_all_ip_addresses_01
  files:
  - path: cassette.yaml
    sha256: 5336d5c574e1e21ba8e6c8d005ac1a50ebb9ae56f81d0e782efddab190d45389
  - path: expected.yaml
    sha256: b72d91d55ac447e55775899563959459dc94ea2bb1b16b2748a153a46b699027
- test_case: ipam_ip_address_01
  files:
  - path: cassette.yaml
    sha256: 8789e049c70c16d72d0ae15de0f2f3b75379b68a0244d8e3c6028b362d5f84d7
  - path: expected.yaml
    sha256: 5efc947ed2b40a00b5cc02921addf22aa44528acd3fef2b243877cfe1fae406b
- test_case: ipam_ip_addresses_01
  files:
  - path: cassette.yaml
    sha256: 98614049bbf24b564d326b56c1c9e236430083143f55f750d1931ecaf1da9892
  - path: expected.yaml
    sha256: 1ec587c163d383846eac0ba955959e5971ac3523e48e008c50eebc5f725ad035
- test_case: ipam_vlans_01
  files:
  - path: cassette.yaml
    sha256: 66a794a37df3589c8fa252b0d0c29640c7903808eab8e95f79ab242a3764e8ec
  - path: expected.yaml
    sha256: 880e42c46cd1dff42ec6f389ad6c0b128b380d18371d11bf7e5e1871e1a44237
sha256: 18959dfd38689bdbea80707969e7c387032a3f7214013a35a20be984008ee9d6
